{
  "nodes": {
    "brew-src": {
      "flake": false,
      "locked": {
        "lastModified": 1778427648,
        "narHash": "sha256-pt9KaDGsMyYWB9JeHs4XGHs870f1lOZe3vx9LpVIhUE=",
        "owner": "Homebrew",
        "repo": "brew",
        "rev": "6f293daa9f9f5832e13b497976335e90509886d7",
        "type": "github"
      },
      "original": {
        "owner": "Homebrew",
        "ref": "5.1.11",
        "repo": "brew",
        "type": "github"
      }
    },
    "deploy-rs": {
      "inputs": {
        "flake-compat": "flake-compat",
        "nixpkgs": [
          "nixpkgs"
        ],
        "utils": "utils"
      },
      "locked": {
        "lastModified": 1770019181,
        "narHash": "sha256-hwsYgDnby50JNVpTRYlF3UR/Rrpt01OrxVuryF40CFY=",
        "owner": "serokell",
        "repo": "deploy-rs",
        "rev": "77c906c0ba56aabdbc72041bf9111b565cdd6171",
        "type": "github"
      },
      "original": {
        "owner": "serokell",
        "repo": "deploy-rs",
        "type": "github"
      }
    },
    "disko": {
      "inputs": {
        "nixpkgs": [
          "nixpkgs"
        ]
      },
      "locked": {
        "lastModified": 1777713215,
        "narHash": "sha256-8GzXDOXckDWwST8TY5DbwYFjdvQLlP7K9CLSVx6iTTo=",
        "owner": "nix-community",
        "repo": "disko",
        "rev": "63b4e7e6cf75307c1d26ac3762b886b5b0247267",
        "type": "github"
      },
      "original": {
        "owner": "nix-community",
        "repo": "disko",
        "type": "github"
      }
    },
    "fenix": {
      "inputs": {
        "nixpkgs": [
          "nixpkgs"
        ],
        "rust-analyzer-src": "rust-analyzer-src"
      },
      "locked": {
        "lastModified": 1778835955,
        "narHash": "sha256-W4pkdH4QCGvwIFaqPgk5YHMIYK8T6Pbqu/HupSarBuI=",
        "owner": "nix-community",
        "repo": "fenix",
        "rev": "8650744e43cf1c1d860235682a45eb2f290d83f9",
        "type": "github"
      },
      "original": {
        "owner": "nix-community",
        "repo": "fenix",
        "type": "github"
      }
    },
    "flake-compat": {
      "flake": false,
      "locked": {
        "lastModified": 1733328505,
        "narHash": "sha256-NeCCThCEP3eCl2l/+27kNNK7QrwZB1IJCrXfrbv5oqU=",
        "owner": "edolstra",
        "repo": "flake-compat",
        "rev": "ff81ac966bb2cae68946d5ed5fc4994f96d0ffec",
        "type": "github"
      },
      "original": {
        "owner": "edolstra",
        "repo": "flake-compat",
        "type": "github"
      }
    },
    "flake-parts": {
      "inputs": {
        "nixpkgs-lib": [
          "nixvim",
          "nixpkgs"
        ]
      },
      "locked": {
        "lastModified": 1778716662,
        "narHash": "sha256-m1Yf0wZ8j1OHjTc2UwHwyQRSnNeSgLJOd7q5Y45hzi4=",
        "owner": "hercules-ci",
        "repo": "flake-parts",
        "rev": "f7c1a2d347e4c52d5fb8d10cb4d94b5884e546fb",
        "type": "github"
      },
      "original": {
        "owner": "hercules-ci",
        "repo": "flake-parts",
        "type": "github"
      }
    },
    "home-manager": {
      "inputs": {
        "nixpkgs": [
          "nixpkgs"
        ]
      },
      "locked": {
        "lastModified": 1778916285,
        "narHash": "sha256-lW6J9Qorll5K+Xhvhm1UA58JI34QidOmeUnz7MzLu8U=",
        "owner": "nix-community",
        "repo": "home-manager",
        "rev": "1772e8fb838e26f9b0f07bcbc5118c62af314d85",
        "type": "github"
      },
      "original": {
        "owner": "nix-community",
        "repo": "home-manager",
        "type": "github"
      }
    },
    "nix-darwin": {
      "inputs": {
        "nixpkgs": [
          "nixpkgs"
        ]
      },
      "locked": {
        "lastModified": 1777780666,
        "narHash": "sha256-8wURyQMdDkGUarSTKOGdCuFfYiwa3HbzwscUfn3STDE=",
        "owner": "LnL7",
        "repo": "nix-darwin",
        "rev": "8c62fba0854ba15c8917aed18894dbccb48a3777",
        "type": "github"
      },
      "original": {
        "owner": "LnL7",
        "repo": "nix-darwin",
        "type": "github"
      }
    },
    "nix-homebrew": {
      "inputs": {
        "brew-src": "brew-src"
      },
      "locked": {
        "lastModified": 1778851564,
        "narHash": "sha256-p8wzcnpB2Iys+QzAKM9/Eyw/pUyqCO3sw/NCnDH4dTE=",
        "owner": "zhaofengli",
        "repo": "nix-homebrew",
        "rev": "b3a87b4793205cc111f3c61e25e018ffac3b8039",
        "type": "github"
      },
      "original": {
        "owner": "zhaofengli",
        "repo": "nix-homebrew",
        "type": "github"
      }
    },
    "nix-index-database": {
      "inputs": {
        "nixpkgs": [
          "nixpkgs"
        ]
      },
      "locked": {
        "lastModified": 1778393439,
        "narHash": "sha256-mOtQxUjtKaPHLeoLOY/YEDctmud1X9KwJr4kE1MJ3Wc=",
        "owner": "nix-community",
        "repo": "nix-index-database",
        "rev": "01466c414c7357ae2ce32be4a272a7c69e94ab5f",
        "type": "github"
      },
      "original": {
        "owner": "nix-community",
        "repo": "nix-index-database",
        "type": "github"
      }
    },
    "nixpkgs": {
      "locked": {
        "lastModified": 1778794387,
        "narHash": "sha256-BL04pOS9453Awkeb9f90XBJXBSkWxN+vB7HIgnL0iMM=",
        "owner": "NixOS",
        "repo": "nixpkgs",
        "rev": "8a1b0127302ea51e05bf4ea5a291743fac442406",
        "type": "github"
      },
      "original": {
        "owner": "NixOS",
        "ref": "nixpkgs-unstable",
        "repo": "nixpkgs",
        "type": "github"
      }
    },
    "nixpkgs-stable": {
      "locked": {
        "lastModified": 1778737229,
        "narHash": "sha256-6xWoytx8jFW4PF1GjRm/i/53trbpKGfz6zjzQGBr4cI=",
        "owner": "NixOS",
        "repo": "nixpkgs",
        "rev": "d7a713c0b7e47c908258e71cba7a2d77cc8d71d5",
        "type": "github"
      },
      "original": {
        "owner": "NixOS",
        "ref": "nixos-25.11",
        "repo": "nixpkgs",
        "type": "github"
      }
    },
    "nixvim": {
      "inputs": {
        "flake-parts": "flake-parts",
        "nixpkgs": [
          "nixpkgs"
        ],
        "systems": "systems_2"
      },
      "locked": {
        "lastModified": 1778906310,
        "narHash": "sha256-LqASEJRtLuKRBJd9051T1KMAEaYvsVrc6m64jhD6xbw=",
        "owner": "nix-community",
        "repo": "nixvim",
        "rev": "06cace835d7ee727852ac789e3dcd42fc2fd360e",
        "type": "github"
      },
      "original": {
        "owner": "nix-community",
        "repo": "nixvim",
        "type": "github"
      }
    },
    "root": {
      "inputs": {
        "deploy-rs": "deploy-rs",
        "disko": "disko",
        "fenix": "fenix",
        "home-manager": "home-manager",
        "nix-darwin": "nix-darwin",
        "nix-homebrew": "nix-homebrew",
        "nix-index-database": "nix-index-database",
        "nixpkgs": "nixpkgs",
        "nixpkgs-stable": "nixpkgs-stable",
        "nixvim": "nixvim",
        "sops-nix": "sops-nix"
      }
    },
    "rust-analyzer-src": {
      "flake": false,
      "locked": {
        "lastModified": 1778804451,
        "narHash": "sha256-XsxdTRqkDvfHQOVCNnF/TdwIysGRboxs4ZQoakAp8Ts=",
        "owner": "rust-lang",
        "repo": "rust-analyzer",
        "rev": "3fdfad3458450f8c6772bbe141e157beaa10c62c",
        "type": "github"
      },
      "original": {
        "owner": "rust-lang",
        "ref": "nightly",
        "repo": "rust-analyzer",
        "type": "github"
      }
    },
    "sops-nix": {
      "inputs": {
        "nixpkgs": [
          "nixpkgs"
        ]
      },
      "locked": {
        "lastModified": 1777944972,
        "narHash": "sha256-VfGRo1qTBKOe3s2gOv8LSoA6Fk19PvBlwQ1ECN0Evn8=",
        "owner": "Mic92",
        "repo": "sops-nix",
        "rev": "c591bf665727040c6cc5cb409079acb22dcce33c",
        "type": "github"
      },
      "original": {
        "owner": "Mic92",
        "repo": "sops-nix",
        "type": "github"
      }
    },
    "systems": {
      "locked": {
        "lastModified": 1681028828,
        "narHash": "sha256-Vy1rq5AaRuLzOxct8nz4T6wlgyUR7zLU309k9mBC768=",
        "owner": "nix-systems",
        "repo": "default",
        "rev": "da67096a3b9bf56a91d16901293e51ba5b49a27e",
        "type": "github"
      },
      "original": {
        "owner": "nix-systems",
        "repo": "default",
        "type": "github"
      }
    },
    "systems_2": {
      "locked": {
        "lastModified": 1681028828,
        "narHash": "sha256-Vy1rq5AaRuLzOxct8nz4T6wlgyUR7zLU309k9mBC768=",
        "owner": "nix-systems",
        "repo": "default",
        "rev": "da67096a3b9bf56a91d16901293e51ba5b49a27e",
        "type": "github"
      },
      "original": {
        "owner": "nix-systems",
        "repo": "default",
        "type": "github"
      }
    },
    "utils": {
      "inputs": {
        "systems": "systems"
      },
      "locked": {
        "lastModified": 1731533236,
        "narHash": "sha256-l0KFg5HjrsfsO/JpG+r7fRrqm12kzFHyUHqHCVpMMbI=",
        "owner": "numtide",
        "repo": "flake-utils",
        "rev": "11707dc2f618dd54ca8739b309ec4fc024de578b",
        "type": "github"
      },
      "original": {
        "owner": "numtide",
        "repo": "flake-utils",
        "type": "github"
      }
    }
  },
  "root": "root",
  "version": 7
}
